
Microsoft Visual Studio Solution File, Format Version 12.00
Project("{FAE04EC0-301F-11D3-BF4B-00C04F79EFBC}") = "LeasingNinja.Sales", "src\LeasingNinja.Sales\LeasingNinja.Sales.csproj", "{78D3283E-F633-437E-96B6-C96376E98071}"
EndProject
Project("{FAE04EC0-301F-11D3-BF4B-00C04F79EFBC}") = "LeasingNinja.Sales.Test", "tests\LeasingNinja.Sales.Test\LeasingNinja.Sales.Test.csproj", "{B9E5A596-298C-490A-9E25-D10BFCEE2983}"
EndProject
Project("{FAE04EC0-301F-11D3-BF4B-00C04F79EFBC}") = "dddbits", "src\dddbits\dddbits.csproj", "{4EA8EC71-1C57-4D07-BCEF-9831A697AB5C}"
EndProject
Project("{FAE04EC0-301F-11D3-BF4B-00C04F79EFBC}") = "dddbits.Tests", "tests\dddbits.Tests\dddbits.Tests.csproj", "{79EFF4E3-9895-4AED-A784-4F4D1444BBA5}"
EndProject
Global
	GlobalSection(SolutionConfigurationPlatforms) = preSolution
		Debug|Any CPU = Debug|Any CPU
		Release|Any CPU = Release|Any CPU
	EndGlobalSection
	GlobalSection(ProjectConfigurationPlatforms) = postSolution
		{78D3283E-F633-437E-96B6-C96376E98071}.Debug|Any CPU.ActiveCfg = Debug|Any CPU
		{78D3283E-F633-437E-96B6-C96376E98071}.Debug|Any CPU.Build.0 = Debug|Any CPU
		{78D3283E-F633-437E-96B6-C96376E98071}.Release|Any CPU.ActiveCfg = Release|Any CPU
		{78D3283E-F633-437E-96B6-C96376E98071}.Release|Any CPU.Build.0 = Release|Any CPU
		{B9E5A596-298C-490A-9E25-D10BFCEE2983}.Debug|Any CPU.ActiveCfg = Debug|Any CPU
		{B9E5A596-298C-490A-9E25-D10BFCEE2983}.Debug|Any CPU.Build.0 = Debug|Any CPU
		{B9E5A596-298C-490A-9E25-D10BFCEE2983}.Release|Any CPU.ActiveCfg = Release|Any CPU
		{B9E5A596-298C-490A-9E25-D10BFCEE2983}.Release|Any CPU.Build.0 = Release|Any CPU
		{4EA8EC71-1C57-4D07-BCEF-9831A697AB5C}.Debug|Any CPU.ActiveCfg = Debug|Any CPU
		{4EA8EC71-1C57-4D07-BCEF-9831A697AB5C}.Debug|Any CPU.Build.0 = Debug|Any CPU
		{4EA8EC71-1C57-4D07-BCEF-9831A697AB5C}.Release|Any CPU.ActiveCfg = Release|Any CPU
		{4EA8EC71-1C57-4D07-BCEF-9831A697AB5C}.Release|Any CPU.Build.0 = Release|Any CPU
		{79EFF4E3-9895-4AED-A784-4F4D1444BBA5}.Debug|Any CPU.ActiveCfg = Debug|Any CPU
		{79EFF4E3-9895-4AED-A784-4F4D1444BBA5}.Debug|Any CPU.Build.0 = Debug|Any CPU
		{79EFF4E3-9895-4AED-A784-4F4D1444BBA5}.Release|Any CPU.ActiveCfg = Release|Any CPU
		{79EFF4E3-9895-4AED-A784-4F4D1444BBA5}.Release|Any CPU.Build.0 = Release|Any CPU
	EndGlobalSection
EndGlobal
