
Microsoft Visual Studio Solution File, Format Version 12.00
Project("{FAE04EC0-301F-11D3-BF4B-00C04F79EFBC}") = "LeasingNinja.Sales", "src\LeasingNinja.Sales\LeasingNinja.Sales.csproj", "{78D3283E-F633-437E-96B6-C96376E98071}"
EndProject
Project("{FAE04EC0-301F-11D3-BF4B-00C04F79EFBC}") = "LeasingNinja.Sales.Test", "tests\LeasingNinja.Sales.Test\LeasingNinja.Sales.Test.csproj", "{B9E5A596-298C-490A-9E25-D10BFCEE2983}"
EndProject
Project("{FAE04EC0-301F-11D3-BF4B-00C04F79EFBC}") = "LeasingNinja.RiskManagement", "src\LeasingNinja.RiskManagement\LeasingNinja.RiskManagement.csproj", "{47705816-99D5-4C5C-A968-5C0B3C83522C}"
EndProject
Project("{FAE04EC0-301F-11D3-BF4B-00C04F79EFBC}") = "LeasingNinja.RiskManagement.Test", "tests\LeasingNinja.RiskManagement.Test\LeasingNinja.RiskManagement.Test.csproj", "{7F6B1B14-0E8A-4E23-868F-077FFA98565F}"
EndProject
Global
	GlobalSection(SolutionConfigurationPlatforms) = preSolution
		Debug|Any CPU = Debug|Any CPU
		Release|Any CPU = Release|Any CPU
	EndGlobalSection
	GlobalSection(ProjectConfigurationPlatforms) = postSolution
		{78D3283E-F633-437E-96B6-C96376E98071}.Debug|Any CPU.ActiveCfg = Debug|Any CPU
		{78D3283E-F633-437E-96B6-C96376E98071}.Debug|Any CPU.Build.0 = Debug|Any CPU
		{78D3283E-F633-437E-96B6-C96376E98071}.Release|Any CPU.ActiveCfg = Release|Any CPU
		{78D3283E-F633-437E-96B6-C96376E98071}.Release|Any CPU.Build.0 = Release|Any CPU
		{B9E5A596-298C-490A-9E25-D10BFCEE2983}.Debug|Any CPU.ActiveCfg = Debug|Any CPU
		{B9E5A596-298C-490A-9E25-D10BFCEE2983}.Debug|Any CPU.Build.0 = Debug|Any CPU
		{B9E5A596-298C-490A-9E25-D10BFCEE2983}.Release|Any CPU.ActiveCfg = Release|Any CPU
		{B9E5A596-298C-490A-9E25-D10BFCEE2983}.Release|Any CPU.Build.0 = Release|Any CPU
		{47705816-99D5-4C5C-A968-5C0B3C83522C}.Debug|Any CPU.ActiveCfg = Debug|Any CPU
		{47705816-99D5-4C5C-A968-5C0B3C83522C}.Debug|Any CPU.Build.0 = Debug|Any CPU
		{47705816-99D5-4C5C-A968-5C0B3C83522C}.Release|Any CPU.ActiveCfg = Release|Any CPU
		{47705816-99D5-4C5C-A968-5C0B3C83522C}.Release|Any CPU.Build.0 = Release|Any CPU
		{7F6B1B14-0E8A-4E23-868F-077FFA98565F}.Debug|Any CPU.ActiveCfg = Debug|Any CPU
		{7F6B1B14-0E8A-4E23-868F-077FFA98565F}.Debug|Any CPU.Build.0 = Debug|Any CPU
		{7F6B1B14-0E8A-4E23-868F-077FFA98565F}.Release|Any CPU.ActiveCfg = Release|Any CPU
		{7F6B1B14-0E8A-4E23-868F-077FFA98565F}.Release|Any CPU.Build.0 = Release|Any CPU
	EndGlobalSection
EndGlobal
